{
  "version": 4,
  "terraform_version": "1.5.4",
  "serial": 30,
  "lineage": "b9c26c83-3a43-cc10-b817-f1ab7a7920e3",
  "outputs": {},
  "resources": [
    {
      "mode": "data",
      "type": "archive_file",
      "name": "lambda-function-data-zip",
      "provider": "provider[\"registry.terraform.io/hashicorp/archive\"]",
      "instances": [
        {
          "schema_version": 0,
          "attributes": {
            "exclude_symlink_directories": null,
            "excludes": null,
            "id": "d96f087ec3a3dd567d19a7c66c9569d944553b77",
            "output_base64sha256": "UTZJW1cdaGvoH7MGmKCHgg3tVoQwgXHMhXLLBTv45g0=",
            "output_base64sha512": "RJh32BCxPIRTFhCrfz4tXbeBufteg9ldVfNMAsHN6cqmouBIE54AOQju/yzETq1zfUJ7orpR7e0Mt2/QDs5bAg==",
            "output_file_mode": null,
            "output_md5": "4bf2a91d4d725e14c93daccf5d8a80c3",
            "output_path": "./lambda/lambda-my-function.zip",
            "output_sha": "d96f087ec3a3dd567d19a7c66c9569d944553b77",
            "output_sha256": "5136495b571d686be81fb30698a087820ded5684308171cc8572cb053bf8e60d",
            "output_sha512": "449877d810b13c84531610ab7f3e2d5db781b9fb5e83d95d55f34c02c1cde9caa6a2e048139e003908eeff2cc44ead737d427ba2ba51eded0cb76fd00ece5b02",
            "output_size": 870,
            "source": [],
            "source_content": null,
            "source_content_filename": null,
            "source_dir": null,
            "source_file": "./lambda/app.py",
            "type": "zip"
          },
          "sensitive_attributes": []
        }
      ]
    },
    {
      "mode": "managed",
      "type": "aws_iam_role_policy_attachment",
      "name": "lambda-attach-for-access-ec2-and-cloudwatch",
      "provider": "provider[\"registry.terraform.io/hashicorp/aws\"]",
      "instances": []
    },
    {
      "mode": "managed",
      "type": "aws_lambda_function",
      "name": "ec2_lambda",
      "provider": "provider[\"registry.terraform.io/hashicorp/aws\"]",
      "instances": []
    },
    {
      "mode": "managed",
      "type": "aws_lambda_invocation",
      "name": "example",
      "provider": "provider[\"registry.terraform.io/hashicorp/aws\"]",
      "instances": []
    },
    {
      "mode": "managed",
      "type": "aws_lambda_layer_version",
      "name": "lambda_layer",
      "provider": "provider[\"registry.terraform.io/hashicorp/aws\"]",
      "instances": [
        {
          "schema_version": 0,
          "attributes": {
            "arn": "arn:aws:lambda:eu-central-1:115189082206:layer:challege-cocus:1",
            "compatible_architectures": [
              "x86_64"
            ],
            "compatible_runtimes": [
              "python3.9"
            ],
            "created_date": "2023-07-31T16:15:35.421+0000",
            "description": "Layer to use pretty table",
            "filename": "./aws-dist/challege-cocus-0.0.1.zip",
            "id": "arn:aws:lambda:eu-central-1:115189082206:layer:challege-cocus:1",
            "layer_arn": "arn:aws:lambda:eu-central-1:115189082206:layer:challege-cocus",
            "layer_name": "challege-cocus",
            "license_info": "",
            "s3_bucket": null,
            "s3_key": null,
            "s3_object_version": null,
            "signing_job_arn": "",
            "signing_profile_version_arn": "",
            "skip_destroy": false,
            "source_code_hash": "viTbQ0rtYV+uEWjwrMIZXTUwzcXJXQiX46QrPIC6Dxo=",
            "source_code_size": 3236711,
            "version": "1"
          },
          "sensitive_attributes": [],
          "private": "bnVsbA=="
        }
      ]
    }
  ],
  "check_results": null
}
